// !$*UTF8*$!
{
	archiveVersion = 1;
	classes = {
	};
	objectVersion = 46;
	objects = {

/* Begin PBXBuildFile section */
		AFC72A771CE2871500ACF9F1 /* RatingControl.swift in Sources */ = {isa = PBXBuildFile; fileRef = AFC72A761CE2871500ACF9F1 /* RatingControl.swift */; };
		AFE92D811CD1BB61003E46BF /* AppDelegate.swift in Sources */ = {isa = PBXBuildFile; fileRef = AFE92D801CD1BB61003E46BF /* AppDelegate.swift */; };
		AFE92D831CD1BB61003E46BF /* ViewController.swift in Sources */ = {isa = PBXBuildFile; fileRef = AFE92D821CD1BB61003E46BF /* ViewController.swift */; };
		AFE92D861CD1BB61003E46BF /* Main.storyboard in Resources */ = {isa = PBXBuildFile; fileRef = AFE92D841CD1BB61003E46BF /* Main.storyboard */; };
		AFE92D881CD1BB61003E46BF /* Assets.xcassets in Resources */ = {isa = PBXBuildFile; fileRef = AFE92D871CD1BB61003E46BF /* Assets.xcassets */; };
		AFE92D8B1CD1BB61003E46BF /* LaunchScreen.storyboard in Resources */ = {isa = PBXBuildFile; fileRef = AFE92D891CD1BB61003E46BF /* LaunchScreen.storyboard */; };
		AFE92D961CD1BB62003E46BF /* FoodTrackerTests.swift in Sources */ = {isa = PBXBuildFile; fileRef = AFE92D951CD1BB62003E46BF /* FoodTrackerTests.swift */; };
/* End PBXBuildFile section */

/* Begin PBXContainerItemProxy section */
		AFE92D921CD1BB62003E46BF /* PBXContainerItemProxy */ = {
			isa = PBXContainerItemProxy;
			containerPortal = AFE92D751CD1BB61003E46BF /* Project object */;
			proxyType = 1;
			remoteGlobalIDString = AFE92D7C1CD1BB61003E46BF;
			remoteInfo = FoodTracker;
		};
/* End PBXContainerItemProxy section */

/* Begin PBXFileReference section */
		AFC72A761CE2871500ACF9F1 /* RatingControl.swift */ = {isa = PBXFileReference; fileEncoding = 4; lastKnownFileType = sourcecode.swift; name = RatingControl.swift; path = ../RatingControl.swift; sourceTree = "<group>"; };
		AFE92D7D1CD1BB61003E46BF /* FoodTracker.app */ = {isa = PBXFileReference; explicitFileType = wrapper.application; includeInIndex = 0; path = FoodTracker.app; sourceTree = BUILT_PRODUCTS_DIR; };
		AFE92D801CD1BB61003E46BF /* AppDelegate.swift */ = {isa = PBXFileReference; lastKnownFileType = sourcecode.swift; path = AppDelegate.swift; sourceTree = "<group>"; };
		AFE92D821CD1BB61003E46BF /* ViewController.swift */ = {isa = PBXFileReference; lastKnownFileType = sourcecode.swift; path = ViewController.swift; sourceTree = "<group>"; };
		AFE92D851CD1BB61003E46BF /* Base */ = {isa = PBXFileReference; lastKnownFileType = file.storyboard; name = Base; path = Base.lproj/Main.storyboard; sourceTree = "<group>"; };
		AFE92D871CD1BB61003E46BF /* Assets.xcassets */ = {isa = PBXFileReference; lastKnownFileType = folder.assetcatalog; path = Assets.xcassets; sourceTree = "<group>"; };
		AFE92D8A1CD1BB61003E46BF /* Base */ = {isa = PBXFileReference; lastKnownFileType = file.storyboard; name = Base; path = Base.lproj/LaunchScreen.storyboard; sourceTree = "<group>"; };
		AFE92D8C1CD1BB61003E46BF /* Info.plist */ = {isa = PBXFileReference; lastKnownFileType = text.plist.xml; path = Info.plist; sourceTree = "<group>"; };
		AFE92D911CD1BB62003E46BF /* FoodTrackerTests.xctest */ = {isa = PBXFileReference; explicitFileType = wrapper.cfbundle; includeInIndex = 0; path = FoodTrackerTests.xctest; sourceTree = BUILT_PRODUCTS_DIR; };
		AFE92D951CD1BB62003E46BF /* FoodTrackerTests.swift */ = {isa = PBXFileReference; lastKnownFileType = sourcecode.swift; path = FoodTrackerTests.swift; sourceTree = "<group>"; };
		AFE92D971CD1BB62003E46BF /* Info.plist */ = {isa = PBXFileReference; lastKnownFileType = text.plist.xml; path = Info.plist; sourceTree = "<group>"; };
/* End PBXFileReference section */

/* Begin PBXFrameworksBuildPhase section */
		AFE92D7A1CD1BB61003E46BF /* Frameworks */ = {
			isa = PBXFrameworksBuildPhase;
			buildActionMask = 2147483647;
			files = (
			);
			runOnlyForDeploymentPostprocessing = 0;
		};
		AFE92D8E1CD1BB62003E46BF /* Frameworks */ = {
			isa = PBXFrameworksBuildPhase;
			buildActionMask = 2147483647;
			files = (
			);
			runOnlyForDeploymentPostprocessing = 0;
		};
/* End PBXFrameworksBuildPhase section */

/* Begin PBXGroup section */
		AFE92D741CD1BB61003E46BF = {
			isa = PBXGroup;
			children = (
				AFE92D7F1CD1BB61003E46BF /* FoodTracker */,
				AFE92D941CD1BB62003E46BF /* FoodTrackerTests */,
				AFE92D7E1CD1BB61003E46BF /* Products */,
			);
			sourceTree = "<group>";
		};
		AFE92D7E1CD1BB61003E46BF /* Products */ = {
			isa = PBXGroup;
			children = (
				AFE92D7D1CD1BB61003E46BF /* FoodTracker.app */,
				AFE92D911CD1BB62003E46BF /* FoodTrackerTests.xctest */,
			);
			name = Products;
			sourceTree = "<group>";
		};
		AFE92D7F1CD1BB61003E46BF /* FoodTracker */ = {
			isa = PBXGroup;
			children = (
				AFC72A761CE2871500ACF9F1 /* RatingControl.swift */,
				AFE92D801CD1BB61003E46BF /* AppDelegate.swift */,
				AFE92D821CD1BB61003E46BF /* ViewController.swift */,
				AFE92D841CD1BB61003E46BF /* Main.storyboard */,
				AFE92D871CD1BB61003E46BF /* Assets.xcassets */,
				AFE92D891CD1BB61003E46BF /* LaunchScreen.storyboard */,
				AFE92D8C1CD1BB61003E46BF /* Info.plist */,
			);
			path = FoodTracker;
			sourceTree = "<group>";
		};
		AFE92D941CD1BB62003E46BF /* FoodTrackerTests */ = {
			isa = PBXGroup;
			children = (
				AFE92D951CD1BB62003E46BF /* FoodTrackerTests.swift */,
				AFE92D971CD1BB62003E46BF /* Info.plist */,
			);
			path = FoodTrackerTests;
			sourceTree = "<group>";
		};
/* End PBXGroup section */

/* Begin PBXNativeTarget section */
		AFE92D7C1CD1BB61003E46BF /* FoodTracker */ = {
			isa = PBXNativeTarget;
			buildConfigurationList = AFE92D9A1CD1BB62003E46BF /* Build configuration list for PBXNativeTarget "FoodTracker" */;
			buildPhases = (
				AFE92D791CD1BB61003E46BF /* Sources */,
				AFE92D7A1CD1BB61003E46BF /* Frameworks */,
				AFE92D7B1CD1BB61003E46BF /* Resources */,
			);
			buildRules = (
			);
			dependencies = (
			);
			name = FoodTracker;
			productName = FoodTracker;
			productReference = AFE92D7D1CD1BB61003E46BF /* FoodTracker.app */;
			productType = "com.apple.product-type.application";
		};
		AFE92D901CD1BB62003E46BF /* FoodTrackerTests */ = {
			isa = PBXNativeTarget;
			buildConfigurationList = AFE92D9D1CD1BB62003E46BF /* Build configuration list for PBXNativeTarget "FoodTrackerTests" */;
			buildPhases = (
				AFE92D8D1CD1BB62003E46BF /* Sources */,
				AFE92D8E1CD1BB62003E46BF /* Frameworks */,
				AFE92D8F1CD1BB62003E46BF /* Resources */,
			);
			buildRules = (
			);
			dependencies = (
				AFE92D931CD1BB62003E46BF /* PBXTargetDependency */,
			);
			name = FoodTrackerTests;
			productName = FoodTrackerTests;
			productReference = AFE92D911CD1BB62003E46BF /* FoodTrackerTests.xctest */;
			productType = "com.apple.product-type.bundle.unit-test";
		};
/* End PBXNativeTarget section */

/* Begin PBXProject section */
		AFE92D751CD1BB61003E46BF /* Project object */ = {
			isa = PBXProject;
			attributes = {
				LastSwiftUpdateCheck = 0730;
				LastUpgradeCheck = 0730;
				ORGANIZATIONNAME = accord29;
				TargetAttributes = {
					AFE92D7C1CD1BB61003E46BF = {
						CreatedOnToolsVersion = 7.3;
						DevelopmentTeam = 2PQ5FSYHSV;
					};
					AFE92D901CD1BB62003E46BF = {
						CreatedOnToolsVersion = 7.3;
						TestTargetID = AFE92D7C1CD1BB61003E46BF;
					};
				};
			};
			buildConfigurationList = AFE92D781CD1BB61003E46BF /* Build configuration list for PBXProject "FoodTracker" */;
			compatibilityVersion = "Xcode 3.2";
			developmentRegion = English;
			hasScannedForEncodings = 0;
			knownRegions = (
				en,
				Base,
			);
			mainGroup = AFE92D741CD1BB61003E46BF;
			productRefGroup = AFE92D7E1CD1BB61003E46BF /* Products */;
			projectDirPath = "";
			projectRoot = "";
			targets = (
				AFE92D7C1CD1BB61003E46BF /* FoodTracker */,
				AFE92D901CD1BB62003E46BF /* FoodTrackerTests */,
			);
		};
/* End PBXProject section */

/* Begin PBXResourcesBuildPhase section */
		AFE92D7B1CD1BB61003E46BF /* Resources */ = {
			isa = PBXResourcesBuildPhase;
			buildActionMask = 2147483647;
			files = (
				AFE92D8B1CD1BB61003E46BF /* LaunchScreen.storyboard in Resources */,
				AFE92D881CD1BB61003E46BF /* Assets.xcassets in Resources */,
				AFE92D861CD1BB61003E46BF /* Main.storyboard in Resources */,
			);
			runOnlyForDeploymentPostprocessing = 0;
		};
		AFE92D8F1CD1BB62003E46BF /* Resources */ = {
			isa = PBXResourcesBuildPhase;
			buildActionMask = 2147483647;
			files = (
			);
			runOnlyForDeploymentPostprocessing = 0;
		};
/* End PBXResourcesBuildPhase section */

/* Begin PBXSourcesBuildPhase section */
		AFE92D791CD1BB61003E46BF /* Sources */ = {
			isa = PBXSourcesBuildPhase;
			buildActionMask = 2147483647;
			files = (
				AFE92D831CD1BB61003E46BF /* ViewController.swift in Sources */,
				AFC72A771CE2871500ACF9F1 /* RatingControl.swift in Sources */,
				AFE92D811CD1BB61003E46BF /* AppDelegate.swift in Sources */,
			);
			runOnlyForDeploymentPostprocessing = 0;
		};
		AFE92D8D1CD1BB62003E46BF /* Sources */ = {
			isa = PBXSourcesBuildPhase;
			buildActionMask = 2147483647;
			files = (
				AFE92D961CD1BB62003E46BF /* FoodTrackerTests.swift in Sources */,
			);
			runOnlyForDeploymentPostprocessing = 0;
		};
/* End PBXSourcesBuildPhase section */

/* Begin PBXTargetDependency section */
		AFE92D931CD1BB62003E46BF /* PBXTargetDependency */ = {
			isa = PBXTargetDependency;
			target = AFE92D7C1CD1BB61003E46BF /* FoodTracker */;
			targetProxy = AFE92D921CD1BB62003E46BF /* PBXContainerItemProxy */;
		};
/* End PBXTargetDependency section */

/* Begin PBXVariantGroup section */
		AFE92D841CD1BB61003E46BF /* Main.storyboard */ = {
			isa = PBXVariantGroup;
			children = (
				AFE92D851CD1BB61003E46BF /* Base */,
			);
			name = Main.storyboard;
			sourceTree = "<group>";
		};
		AFE92D891CD1BB61003E46BF /* LaunchScreen.storyboard */ = {
			isa = PBXVariantGroup;
			children = (
				AFE92D8A1CD1BB61003E46BF /* Base */,
			);
			name = LaunchScreen.storyboard;
			sourceTree = "<group>";
		};
/* End PBXVariantGroup section */

/* Begin XCBuildConfiguration section */
		AFE92D981CD1BB62003E46BF /* Debug */ = {
			isa = XCBuildConfiguration;
			buildSettings = {
				ALWAYS_SEARCH_USER_PATHS = NO;
				CLANG_ANALYZER_NONNULL = YES;
				CLANG_CXX_LANGUAGE_STANDARD = "gnu++0x";
				CLANG_CXX_LIBRARY = "libc++";
				CLANG_ENABLE_MODULES = YES;
				CLANG_ENABLE_OBJC_ARC = YES;
				CLANG_WARN_BOOL_CONVERSION = YES;
				CLANG_WARN_CONSTANT_CONVERSION = YES;
				CLANG_WARN_DIRECT_OBJC_ISA_USAGE = YES_ERROR;
				CLANG_WARN_EMPTY_BODY = YES;
				CLANG_WARN_ENUM_CONVERSION = YES;
				CLANG_WARN_INT_CONVERSION = YES;
				CLANG_WARN_OBJC_ROOT_CLASS = YES_ERROR;
				CLANG_WARN_UNREACHABLE_CODE = YES;
				CLANG_WARN__DUPLICATE_METHOD_MATCH = YES;
				"CODE_SIGN_IDENTITY[sdk=iphoneos*]" = "iPhone Developer";
				COPY_PHASE_STRIP = NO;
				DEBUG_INFORMATION_FORMAT = dwarf;
				ENABLE_STRICT_OBJC_MSGSEND = YES;
				ENABLE_TESTABILITY = YES;
				GCC_C_LANGUAGE_STANDARD = gnu99;
				GCC_DYNAMIC_NO_PIC = NO;
				GCC_NO_COMMON_BLOCKS = YES;
				GCC_OPTIMIZATION_LEVEL = 0;
				GCC_PREPROCESSOR_DEFINITIONS = (
					"DEBUG=1",
					"$(inherited)",
				);
				GCC_WARN_64_TO_32_BIT_CONVERSION = YES;
				GCC_WARN_ABOUT_RETURN_TYPE = YES_ERROR;
				GCC_WARN_UNDECLARED_SELECTOR = YES;
				GCC_WARN_UNINITIALIZED_AUTOS = YES_AGGRESSIVE;
				GCC_WARN_UNUSED_FUNCTION = YES;
				GCC_WARN_UNUSED_VARIABLE = YES;
				IPHONEOS_DEPLOYMENT_TARGET = 9.3;
				MTL_ENABLE_DEBUG_INFO = YES;
				ONLY_ACTIVE_ARCH = YES;
				SDKROOT = iphoneos;
				SWIFT_OPTIMIZATION_LEVEL = "-Onone";
				TARGETED_DEVICE_FAMILY = "1,2";
			};
			name = Debug;
		};
		AFE92D991CD1BB62003E46BF /* Release */ = {
			isa = XCBuildConfiguration;
			buildSettings = {
				ALWAYS_SEARCH_USER_PATHS = NO;
				CLANG_ANALYZER_NONNULL = YES;
				CLANG_CXX_LANGUAGE_STANDARD = "gnu++0x";
				CLANG_CXX_LIBRARY = "libc++";
				CLANG_ENABLE_MODULES = YES;
				CLANG_ENABLE_OBJC_ARC = YES;
				CLANG_WARN_BOOL_CONVERSION = YES;
				CLANG_WARN_CONSTANT_CONVERSION = YES;
				CLANG_WARN_DIRECT_OBJC_ISA_USAGE = YES_ERROR;
				CLANG_WARN_EMPTY_BODY = YES;
				CLANG_WARN_ENUM_CONVERSION = YES;
				CLANG_WARN_INT_CONVERSION = YES;
				CLANG_WARN_OBJC_ROOT_CLASS = YES_ERROR;
				CLANG_WARN_UNREACHABLE_CODE = YES;
				CLANG_WARN__DUPLICATE_METHOD_MATCH = YES;
				"CODE_SIGN_IDENTITY[sdk=iphoneos*]" = "iPhone Developer";
				COPY_PHASE_STRIP = NO;
				DEBUG_INFORMATION_FORMAT = "dwarf-with-dsym";
				ENABLE_NS_ASSERTIONS = NO;
				ENABLE_STRICT_OBJC_MSGSEND = YES;
				GCC_C_LANGUAGE_STANDARD = gnu99;
				GCC_NO_COMMON_BLOCKS = YES;
				GCC_WARN_64_TO_32_BIT_CONVERSION = YES;
				GCC_WARN_ABOUT_RETURN_TYPE = YES_ERROR;
				GCC_WARN_UNDECLARED_SELECTOR = YES;
				GCC_WARN_UNINITIALIZED_AUTOS = YES_AGGRESSIVE;
				GCC_WARN_UNUSED_FUNCTION = YES;
				GCC_WARN_UNUSED_VARIABLE = YES;
				IPHONEOS_DEPLOYMENT_TARGET = 9.3;
				MTL_ENABLE_DEBUG_INFO = NO;
				SDKROOT = iphoneos;
				TARGETED_DEVICE_FAMILY = "1,2";
				VALIDATE_PRODUCT = YES;
			};
			name = Release;
		};
		AFE92D9B1CD1BB62003E46BF /* Debug */ = {
			isa = XCBuildConfiguration;
			buildSettings = {
				ASSETCATALOG_COMPILER_APPICON_NAME = AppIcon;
				CODE_SIGN_IDENTITY = "iPhone Developer";
				"CODE_SIGN_IDENTITY[sdk=iphoneos*]" = "iPhone Developer";
				INFOPLIST_FILE = FoodTracker/Info.plist;
				LD_RUNPATH_SEARCH_PATHS = "$(inherited) @executable_path/Frameworks";
				PRODUCT_BUNDLE_IDENTIFIER = com.accord29.FoodTracker;
				PRODUCT_NAME = "$(TARGET_NAME)";
				PROVISIONING_PROFILE = "";
			};
			name = Debug;
		};
		AFE92D9C1CD1BB62003E46BF /* Release */ = {
			isa = XCBuildConfiguration;
			buildSettings = {
				ASSETCATALOG_COMPILER_APPICON_NAME = AppIcon;
				CODE_SIGN_IDENTITY = "iPhone Developer";
				"CODE_SIGN_IDENTITY[sdk=iphoneos*]" = "iPhone Developer";
				INFOPLIST_FILE = FoodTracker/Info.plist;
				LD_RUNPATH_SEARCH_PATHS = "$(inherited) @executable_path/Frameworks";
				PRODUCT_BUNDLE_IDENTIFIER = com.accord29.FoodTracker;
				PRODUCT_NAME = "$(TARGET_NAME)";
				PROVISIONING_PROFILE = "";
			};
			name = Release;
		};
		AFE92D9E1CD1BB62003E46BF /* Debug */ = {
			isa = XCBuildConfiguration;
			buildSettings = {
				BUNDLE_LOADER = "$(TEST_HOST)";
				INFOPLIST_FILE = FoodTrackerTests/Info.plist;
				LD_RUNPATH_SEARCH_PATHS = "$(inherited) @executable_path/Frameworks @loader_path/Frameworks";
				PRODUCT_BUNDLE_IDENTIFIER = com.accord29.FoodTrackerTests;
				PRODUCT_NAME = "$(TARGET_NAME)";
				TEST_HOST = "$(BUILT_PRODUCTS_DIR)/FoodTracker.app/FoodTracker";
			};
			name = Debug;
		};
		AFE92D9F1CD1BB62003E46BF /* Release */ = {
			isa = XCBuildConfiguration;
			buildSettings = {
				BUNDLE_LOADER = "$(TEST_HOST)";
				INFOPLIST_FILE = FoodTrackerTests/Info.plist;
				LD_RUNPATH_SEARCH_PATHS = "$(inherited) @executable_path/Frameworks @loader_path/Frameworks";
				PRODUCT_BUNDLE_IDENTIFIER = com.accord29.FoodTrackerTests;
				PRODUCT_NAME = "$(TARGET_NAME)";
				TEST_HOST = "$(BUILT_PRODUCTS_DIR)/FoodTracker.app/FoodTracker";
			};
			name = Release;
		};
/* End XCBuildConfiguration section */

/* Begin XCConfigurationList section */
		AFE92D781CD1BB61003E46BF /* Build configuration list for PBXProject "FoodTracker" */ = {
			isa = XCConfigurationList;
			buildConfigurations = (
				AFE92D981CD1BB62003E46BF /* Debug */,
				AFE92D991CD1BB62003E46BF /* Release */,
			);
			defaultConfigurationIsVisible = 0;
			defaultConfigurationName = Release;
		};
		AFE92D9A1CD1BB62003E46BF /* Build configuration list for PBXNativeTarget "FoodTracker" */ = {
			isa = XCConfigurationList;
			buildConfigurations = (
				AFE92D9B1CD1BB62003E46BF /* Debug */,
				AFE92D9C1CD1BB62003E46BF /* Release */,
			);
			defaultConfigurationIsVisible = 0;
			defaultConfigurationName = Release;
		};
		AFE92D9D1CD1BB62003E46BF /* Build configuration list for PBXNativeTarget "FoodTrackerTests" */ = {
			isa = XCConfigurationList;
			buildConfigurations = (
				AFE92D9E1CD1BB62003E46BF /* Debug */,
				AFE92D9F1CD1BB62003E46BF /* Release */,
			);
			defaultConfigurationIsVisible = 0;
			defaultConfigurationName = Release;
		};
/* End XCConfigurationList section */
	};
	rootObject = AFE92D751CD1BB61003E46BF /* Project object */;
}
